
Microsoft Visual Studio Solution File, Format Version 12.00
# Visual Studio 14
VisualStudioVersion = 14.0.24720.0
MinimumVisualStudioVersion = 10.0.40219.1
Project("{FAE04EC0-301F-11D3-BF4B-00C04F79EFBC}") = "EssentialTools", "EssentialTools\EssentialTools.csproj", "{9CF46B40-AF57-4FAD-9FDA-B8D1A7E42AC5}"
EndProject
Project("{FAE04EC0-301F-11D3-BF4B-00C04F79EFBC}") = "EssentialTools.Tests", "EssentialTools.Tests\EssentialTools.Tests.csproj", "{F2734F79-1971-448D-A261-4758E7DE932E}"
EndProject
Global
	GlobalSection(SolutionConfigurationPlatforms) = preSolution
		Debug|Any CPU = Debug|Any CPU
		Release|Any CPU = Release|Any CPU
	EndGlobalSection
	GlobalSection(ProjectConfigurationPlatforms) = postSolution
		{9CF46B40-AF57-4FAD-9FDA-B8D1A7E42AC5}.Debug|Any CPU.ActiveCfg = Debug|Any CPU
		{9CF46B40-AF57-4FAD-9FDA-B8D1A7E42AC5}.Debug|Any CPU.Build.0 = Debug|Any CPU
		{9CF46B40-AF57-4FAD-9FDA-B8D1A7E42AC5}.Release|Any CPU.ActiveCfg = Release|Any CPU
		{9CF46B40-AF57-4FAD-9FDA-B8D1A7E42AC5}.Release|Any CPU.Build.0 = Release|Any CPU
		{F2734F79-1971-448D-A261-4758E7DE932E}.Debug|Any CPU.ActiveCfg = Debug|Any CPU
		{F2734F79-1971-448D-A261-4758E7DE932E}.Debug|Any CPU.Build.0 = Debug|Any CPU
		{F2734F79-1971-448D-A261-4758E7DE932E}.Release|Any CPU.ActiveCfg = Release|Any CPU
		{F2734F79-1971-448D-A261-4758E7DE932E}.Release|Any CPU.Build.0 = Release|Any CPU
	EndGlobalSection
	GlobalSection(SolutionProperties) = preSolution
		HideSolutionNode = FALSE
	EndGlobalSection
EndGlobal
